
Microsoft Visual Studio Solution File, Format Version 12.00
# Visual Studio Version 16
VisualStudioVersion = 16.0.31105.61
MinimumVisualStudioVersion = 10.0.40219.1
Project("{FAE04EC0-301F-11D3-BF4B-00C04F79EFBC}") = "lab2.Android", "lab2.Android\lab2.Android.csproj", "{9E6302F4-AC3D-4194-B681-16C013B9DCB4}"
EndProject
Project("{FAE04EC0-301F-11D3-BF4B-00C04F79EFBC}") = "lab2", "lab2\lab2.csproj", "{20E5C2A6-0C43-4290-86FD-5D42E3711485}"
EndProject
Global
	GlobalSection(SolutionConfigurationPlatforms) = preSolution
		Debug|Any CPU = Debug|Any CPU
		Release|Any CPU = Release|Any CPU
	EndGlobalSection
	GlobalSection(ProjectConfigurationPlatforms) = postSolution
		{9E6302F4-AC3D-4194-B681-16C013B9DCB4}.Debug|Any CPU.ActiveCfg = Debug|Any CPU
		{9E6302F4-AC3D-4194-B681-16C013B9DCB4}.Debug|Any CPU.Build.0 = Debug|Any CPU
		{9E6302F4-AC3D-4194-B681-16C013B9DCB4}.Debug|Any CPU.Deploy.0 = Debug|Any CPU
		{9E6302F4-AC3D-4194-B681-16C013B9DCB4}.Release|Any CPU.ActiveCfg = Release|Any CPU
		{9E6302F4-AC3D-4194-B681-16C013B9DCB4}.Release|Any CPU.Build.0 = Release|Any CPU
		{9E6302F4-AC3D-4194-B681-16C013B9DCB4}.Release|Any CPU.Deploy.0 = Release|Any CPU
		{20E5C2A6-0C43-4290-86FD-5D42E3711485}.Debug|Any CPU.ActiveCfg = Debug|Any CPU
		{20E5C2A6-0C43-4290-86FD-5D42E3711485}.Debug|Any CPU.Build.0 = Debug|Any CPU
		{20E5C2A6-0C43-4290-86FD-5D42E3711485}.Debug|Any CPU.Deploy.0 = Debug|Any CPU
		{20E5C2A6-0C43-4290-86FD-5D42E3711485}.Release|Any CPU.ActiveCfg = Release|Any CPU
		{20E5C2A6-0C43-4290-86FD-5D42E3711485}.Release|Any CPU.Build.0 = Release|Any CPU
		{20E5C2A6-0C43-4290-86FD-5D42E3711485}.Release|Any CPU.Deploy.0 = Release|Any CPU
	EndGlobalSection
	GlobalSection(SolutionProperties) = preSolution
		HideSolutionNode = FALSE
	EndGlobalSection
	GlobalSection(ExtensibilityGlobals) = postSolution
		SolutionGuid = {6EADD018-AD8F-4254-8B5C-64CA283F27C7}
	EndGlobalSection
EndGlobal
