
Microsoft Visual Studio Solution File, Format Version 12.00
# Visual Studio Version 16
VisualStudioVersion = 16.0.31105.61
MinimumVisualStudioVersion = 10.0.40219.1
Project("{FAE04EC0-301F-11D3-BF4B-00C04F79EFBC}") = "lab4.Android", "lab4.Android\lab4.Android.csproj", "{5B273869-7740-4A75-B56B-EFB29AFEF78E}"
EndProject
Project("{FAE04EC0-301F-11D3-BF4B-00C04F79EFBC}") = "lab4", "lab4\lab4.csproj", "{762DF21D-7379-4C94-886F-2881E70E81A9}"
EndProject
Project("{FAE04EC0-301F-11D3-BF4B-00C04F79EFBC}") = "lab4.API", "..\lab4.API\lab4.API.csproj", "{C009C0C7-CCE1-43AF-A3A8-928326FBE003}"
EndProject
Project("{FAE04EC0-301F-11D3-BF4B-00C04F79EFBC}") = "lab4.Repo", "..\lab4.Repo\lab4.Repo.csproj", "{DAB4F57B-86A4-4702-A479-4E48CA135C45}"
EndProject
Global
	GlobalSection(SolutionConfigurationPlatforms) = preSolution
		Debug|Any CPU = Debug|Any CPU
		Release|Any CPU = Release|Any CPU
	EndGlobalSection
	GlobalSection(ProjectConfigurationPlatforms) = postSolution
		{5B273869-7740-4A75-B56B-EFB29AFEF78E}.Debug|Any CPU.ActiveCfg = Debug|Any CPU
		{5B273869-7740-4A75-B56B-EFB29AFEF78E}.Debug|Any CPU.Build.0 = Debug|Any CPU
		{5B273869-7740-4A75-B56B-EFB29AFEF78E}.Debug|Any CPU.Deploy.0 = Debug|Any CPU
		{5B273869-7740-4A75-B56B-EFB29AFEF78E}.Release|Any CPU.ActiveCfg = Release|Any CPU
		{5B273869-7740-4A75-B56B-EFB29AFEF78E}.Release|Any CPU.Build.0 = Release|Any CPU
		{5B273869-7740-4A75-B56B-EFB29AFEF78E}.Release|Any CPU.Deploy.0 = Release|Any CPU
		{762DF21D-7379-4C94-886F-2881E70E81A9}.Debug|Any CPU.ActiveCfg = Debug|Any CPU
		{762DF21D-7379-4C94-886F-2881E70E81A9}.Debug|Any CPU.Build.0 = Debug|Any CPU
		{762DF21D-7379-4C94-886F-2881E70E81A9}.Release|Any CPU.ActiveCfg = Release|Any CPU
		{762DF21D-7379-4C94-886F-2881E70E81A9}.Release|Any CPU.Build.0 = Release|Any CPU
		{C009C0C7-CCE1-43AF-A3A8-928326FBE003}.Debug|Any CPU.ActiveCfg = Debug|Any CPU
		{C009C0C7-CCE1-43AF-A3A8-928326FBE003}.Debug|Any CPU.Build.0 = Debug|Any CPU
		{C009C0C7-CCE1-43AF-A3A8-928326FBE003}.Release|Any CPU.ActiveCfg = Release|Any CPU
		{C009C0C7-CCE1-43AF-A3A8-928326FBE003}.Release|Any CPU.Build.0 = Release|Any CPU
		{DAB4F57B-86A4-4702-A479-4E48CA135C45}.Debug|Any CPU.ActiveCfg = Debug|Any CPU
		{DAB4F57B-86A4-4702-A479-4E48CA135C45}.Debug|Any CPU.Build.0 = Debug|Any CPU
		{DAB4F57B-86A4-4702-A479-4E48CA135C45}.Release|Any CPU.ActiveCfg = Release|Any CPU
		{DAB4F57B-86A4-4702-A479-4E48CA135C45}.Release|Any CPU.Build.0 = Release|Any CPU
	EndGlobalSection
	GlobalSection(SolutionProperties) = preSolution
		HideSolutionNode = FALSE
	EndGlobalSection
	GlobalSection(ExtensibilityGlobals) = postSolution
		SolutionGuid = {6E0D65D0-1E6D-4D6F-B5CB-C3F451BFF12D}
	EndGlobalSection
EndGlobal
