
Microsoft Visual Studio Solution File, Format Version 12.00
# Visual Studio Version 16
VisualStudioVersion = 16.0.31105.61
MinimumVisualStudioVersion = 10.0.40219.1
Project("{FAE04EC0-301F-11D3-BF4B-00C04F79EFBC}") = "App.Android", "App\App.Android\App.Android.csproj", "{20A9AF6C-FEBE-4AD2-A3CE-EEF6DB280172}"
EndProject
Project("{FAE04EC0-301F-11D3-BF4B-00C04F79EFBC}") = "App", "App\App\App.csproj", "{9B6AFFAE-981B-4892-8DC4-D99E3657FAEC}"
EndProject
Global
	GlobalSection(SolutionConfigurationPlatforms) = preSolution
		Debug|Any CPU = Debug|Any CPU
		Release|Any CPU = Release|Any CPU
	EndGlobalSection
	GlobalSection(ProjectConfigurationPlatforms) = postSolution
		{20A9AF6C-FEBE-4AD2-A3CE-EEF6DB280172}.Debug|Any CPU.ActiveCfg = Debug|Any CPU
		{20A9AF6C-FEBE-4AD2-A3CE-EEF6DB280172}.Debug|Any CPU.Build.0 = Debug|Any CPU
		{20A9AF6C-FEBE-4AD2-A3CE-EEF6DB280172}.Debug|Any CPU.Deploy.0 = Debug|Any CPU
		{20A9AF6C-FEBE-4AD2-A3CE-EEF6DB280172}.Release|Any CPU.ActiveCfg = Release|Any CPU
		{20A9AF6C-FEBE-4AD2-A3CE-EEF6DB280172}.Release|Any CPU.Build.0 = Release|Any CPU
		{20A9AF6C-FEBE-4AD2-A3CE-EEF6DB280172}.Release|Any CPU.Deploy.0 = Release|Any CPU
		{9B6AFFAE-981B-4892-8DC4-D99E3657FAEC}.Debug|Any CPU.ActiveCfg = Debug|Any CPU
		{9B6AFFAE-981B-4892-8DC4-D99E3657FAEC}.Debug|Any CPU.Build.0 = Debug|Any CPU
		{9B6AFFAE-981B-4892-8DC4-D99E3657FAEC}.Release|Any CPU.ActiveCfg = Release|Any CPU
		{9B6AFFAE-981B-4892-8DC4-D99E3657FAEC}.Release|Any CPU.Build.0 = Release|Any CPU
	EndGlobalSection
	GlobalSection(SolutionProperties) = preSolution
		HideSolutionNode = FALSE
	EndGlobalSection
	GlobalSection(ExtensibilityGlobals) = postSolution
		SolutionGuid = {FCA44774-1779-43D4-A217-CA76DD799FA3}
	EndGlobalSection
EndGlobal
